
Microsoft Visual Studio Solution File, Format Version 12.00
# Visual Studio Version 17
VisualStudioVersion = 17.0.31903.59
MinimumVisualStudioVersion = 10.0.40219.1
Project("{FAE04EC0-301F-11D3-BF4B-00C04F79EFBC}") = "ClueGame.Core", "ClueGame.Core\ClueGame.Core.csproj", "{B3B7CB1F-57F5-4BD7-A137-D6041BDC1C3D}"
EndProject
Project("{FAE04EC0-301F-11D3-BF4B-00C04F79EFBC}") = "ClueGame.Core.Tests", "ClueGame.Core.Tests\ClueGame.Core.Tests.csproj", "{8335FAB8-A3B9-4CEF-BD77-E5EFF1EACBD5}"
EndProject
Global
	GlobalSection(SolutionConfigurationPlatforms) = preSolution
		Debug|Any CPU = Debug|Any CPU
		Debug|x64 = Debug|x64
		Debug|x86 = Debug|x86
		Release|Any CPU = Release|Any CPU
		Release|x64 = Release|x64
		Release|x86 = Release|x86
	EndGlobalSection
	GlobalSection(ProjectConfigurationPlatforms) = postSolution
		{B3B7CB1F-57F5-4BD7-A137-D6041BDC1C3D}.Debug|Any CPU.ActiveCfg = Debug|Any CPU
		{B3B7CB1F-57F5-4BD7-A137-D6041BDC1C3D}.Debug|Any CPU.Build.0 = Debug|Any CPU
		{B3B7CB1F-57F5-4BD7-A137-D6041BDC1C3D}.Debug|x64.ActiveCfg = Debug|Any CPU
		{B3B7CB1F-57F5-4BD7-A137-D6041BDC1C3D}.Debug|x64.Build.0 = Debug|Any CPU
		{B3B7CB1F-57F5-4BD7-A137-D6041BDC1C3D}.Debug|x86.ActiveCfg = Debug|Any CPU
		{B3B7CB1F-57F5-4BD7-A137-D6041BDC1C3D}.Debug|x86.Build.0 = Debug|Any CPU
		{B3B7CB1F-57F5-4BD7-A137-D6041BDC1C3D}.Release|Any CPU.ActiveCfg = Release|Any CPU
		{B3B7CB1F-57F5-4BD7-A137-D6041BDC1C3D}.Release|Any CPU.Build.0 = Release|Any CPU
		{B3B7CB1F-57F5-4BD7-A137-D6041BDC1C3D}.Release|x64.ActiveCfg = Release|Any CPU
		{B3B7CB1F-57F5-4BD7-A137-D6041BDC1C3D}.Release|x64.Build.0 = Release|Any CPU
		{B3B7CB1F-57F5-4BD7-A137-D6041BDC1C3D}.Release|x86.ActiveCfg = Release|Any CPU
		{B3B7CB1F-57F5-4BD7-A137-D6041BDC1C3D}.Release|x86.Build.0 = Release|Any CPU
		{8335FAB8-A3B9-4CEF-BD77-E5EFF1EACBD5}.Debug|Any CPU.ActiveCfg = Debug|Any CPU
		{8335FAB8-A3B9-4CEF-BD77-E5EFF1EACBD5}.Debug|Any CPU.Build.0 = Debug|Any CPU
		{8335FAB8-A3B9-4CEF-BD77-E5EFF1EACBD5}.Debug|x64.ActiveCfg = Debug|Any CPU
		{8335FAB8-A3B9-4CEF-BD77-E5EFF1EACBD5}.Debug|x64.Build.0 = Debug|Any CPU
		{8335FAB8-A3B9-4CEF-BD77-E5EFF1EACBD5}.Debug|x86.ActiveCfg = Debug|Any CPU
		{8335FAB8-A3B9-4CEF-BD77-E5EFF1EACBD5}.Debug|x86.Build.0 = Debug|Any CPU
		{8335FAB8-A3B9-4CEF-BD77-E5EFF1EACBD5}.Release|Any CPU.ActiveCfg = Release|Any CPU
		{8335FAB8-A3B9-4CEF-BD77-E5EFF1EACBD5}.Release|Any CPU.Build.0 = Release|Any CPU
		{8335FAB8-A3B9-4CEF-BD77-E5EFF1EACBD5}.Release|x64.ActiveCfg = Release|Any CPU
		{8335FAB8-A3B9-4CEF-BD77-E5EFF1EACBD5}.Release|x64.Build.0 = Release|Any CPU
		{8335FAB8-A3B9-4CEF-BD77-E5EFF1EACBD5}.Release|x86.ActiveCfg = Release|Any CPU
		{8335FAB8-A3B9-4CEF-BD77-E5EFF1EACBD5}.Release|x86.Build.0 = Release|Any CPU
	EndGlobalSection
	GlobalSection(SolutionProperties) = preSolution
		HideSolutionNode = FALSE
	EndGlobalSection
EndGlobal
